<?xml version="1.0" encoding="utf-8"?>
<Project ToolsVersion="4.0" xmlns="http://schemas.microsoft.com/developer/msbuild/2003">
  <ItemGroup>
    <Filter Include="src">
      <UniqueIdentifier>{c0400e81-f223-4739-ba1a-2081c2aa327d}</UniqueIdentifier>
    </Filter>
  </ItemGroup>
  <ItemGroup>
    <ClCompile Include="src\Archer.cpp">
      <Filter>src</Filter>
    </ClCompile>
    <ClCompile Include="src\CrossbowMan.cpp">
      <Filter>src</Filter>
    </ClCompile>
    <ClCompile Include="src\Game.cpp">
      <Filter>src</Filter>
    </ClCompile>
    <ClCompile Include="src\Lancer.cpp">
      <Filter>src</Filter>
    </ClCompile>
    <ClCompile Include="src\main.cpp">
      <Filter>src</Filter>
    </ClCompile>
    <ClCompile Include="src\MeleeSoldier.cpp">
      <Filter>src</Filter>
    </ClCompile>
    <ClCompile Include="src\RangedSoldier.cpp">
      <Filter>src</Filter>
    </ClCompile>
    <ClCompile Include="src\Soldier.cpp">
      <Filter>src</Filter>
    </ClCompile>
    <ClCompile Include="src\SwordMan.cpp">
      <Filter>src</Filter>
    </ClCompile>
    <ClCompile Include="src\Random.cpp">
      <Filter>src</Filter>
    </ClCompile>
    <ClCompile Include="src\ConsoleHandle.cpp">
      <Filter>src</Filter>
    </ClCompile>
  </ItemGroup>
  <ItemGroup>
    <ClInclude Include="src\Archer.h">
      <Filter>src</Filter>
    </ClInclude>
    <ClInclude Include="src\CrossbowMan.h">
      <Filter>src</Filter>
    </ClInclude>
    <ClInclude Include="src\Game.h">
      <Filter>src</Filter>
    </ClInclude>
    <ClInclude Include="src\Lancer.h">
      <Filter>src</Filter>
    </ClInclude>
    <ClInclude Include="src\MeleeSoldier.h">
      <Filter>src</Filter>
    </ClInclude>
    <ClInclude Include="src\RangedSoldier.h">
      <Filter>src</Filter>
    </ClInclude>
    <ClInclude Include="src\Soldier.h">
      <Filter>src</Filter>
    </ClInclude>
    <ClInclude Include="src\SwordMan.h">
      <Filter>src</Filter>
    </ClInclude>
    <ClInclude Include="src\Random.h">
      <Filter>src</Filter>
    </ClInclude>
    <ClInclude Include="src\ConsoleHandle.h">
      <Filter>src</Filter>
    </ClInclude>
  </ItemGroup>
</Project>